dependencies:
  badgeteam/badge-bsp:
    dependencies: []
    source:
      path: /home/gadyke/tiny386/esp/components/badgeteam__badge-bsp
      type: local
    version: 0.8.0
  badgeteam/custom-certificates:
    component_hash: fe511ea8c8301bfc0a148d4458d5f2f3129ddc0d60c0fb4e8c720e256f7e73ce
    dependencies: []
    source:
      registry_url: https://components.espressif.com
      type: service
    version: 1.1.0
  espressif/cmake_utilities:
    component_hash: 351350613ceafba240b761b4ea991e0f231ac7a9f59a9ee901f751bddc0bb18f
    dependencies:
    - name: idf
      require: private
      version: '>=4.1'
    source:
      registry_url: https://components.espressif.com/
      type: service
    version: 0.5.3
  espressif/esp_lcd_axs15231b:
    component_hash: ae92c4bec4f69442757b42638aebc05c1acc42fe8b54a6fd4b1ecebdd67657e6
    dependencies:
    - name: idf
      require: private
      version: '>5.0.4,!=5.1.1'
    - name: espressif/cmake_utilities
      registry_url: https://components.espressif.com
      require: private
      version: 0.*
    - name: espressif/esp_lcd_touch
      registry_url: https://components.espressif.com
      require: public
      version: ^1
    source:
      registry_url: https://components.espressif.com/
      type: service
    version: 1.0.0
  espressif/esp_lcd_ek79007:
    component_hash: 8005700b7f10c7136b6e2a3f19a48f972aa1d13ed107ed298574e8d24d17ea83
    dependencies:
    - name: espressif/cmake_utilities
      registry_url: https://components.espressif.com
      require: private
      version: 0.*
    - name: idf
      require: private
      version: '>=5.3'
    source:
      registry_url: https://components.espressif.com
      type: service
    targets:
    - esp32p4
    version: 1.0.4
  espressif/esp_lcd_ili9341:
    component_hash: 0baab584e0e490511d6bdbae6aa045130424d732ecdaad6cd1d3bd3c0abe2c30
    dependencies:
    - name: espressif/cmake_utilities
      registry_url: https://components.espressif.com
      require: private
      version: 0.*
    - name: idf
      require: private
      version: '>=4.4'
    source:
      registry_url: https://components.espressif.com/
      type: service
    version: 2.0.2
  espressif/esp_lcd_ili9881c:
    component_hash: 0288df12755c95d406ccea245a427595f314df0b14a61846286d926ea6f3698e
    dependencies:
    - name: idf
      require: private
      version: '>=5.3'
    source:
      registry_url: https://components.espressif.com
      type: service
    targets:
    - esp32p4
    version: 1.1.0
  espressif/esp_lcd_lt8912b:
    component_hash: d78113f9330e8cff5e91bb2faa1bc450a59e7235438b7d5558abe739f7ecda4b
    dependencies:
    - name: idf
      require: private
      version: '>=5.3'
    source:
      registry_url: https://components.espressif.com
      type: service
    version: 0.1.3
  espressif/esp_lcd_st7701:
    component_hash: 0b11e8733e51e12da83003b9d475777eaf47bfbdce01379879bd2504d14f4f83
    dependencies:
    - name: espressif/cmake_utilities
      registry_url: https://components.espressif.com
      require: private
      version: 0.*
    - name: idf
      require: private
      version: '>5.0.4,!=5.1.1'
    source:
      registry_url: https://components.espressif.com/
      type: service
    targets:
    - esp32s3
    - esp32p4
    version: 1.1.5
  espressif/esp_lcd_touch:
    component_hash: 3f85a7d95af876f1a6ecca8eb90a81614890d0f03a038390804e5a77e2caf862
    dependencies:
    - name: idf
      require: private
      version: '>=4.4.2'
    source:
      registry_url: https://components.espressif.com
      type: service
    version: 1.2.1
  espressif/led_strip:
    component_hash: 28621486f77229aaf81c71f5e15d6fbf36c2949cf11094e07090593e659e7639
    dependencies:
    - name: idf
      require: private
      version: '>=5.0'
    source:
      registry_url: https://components.espressif.com/
      type: service
    version: 3.0.3
  espressif/usb_host_msc:
    component_hash: 865a651c08d0bf2ce255a369778375e493df588dfb0720c3d97e12bfdcc4c0f9
    dependencies:
    - name: idf
      require: private
      version: '>=4.4.1'
    - name: espressif/usb
      registry_url: https://components.espressif.com
      require: public
      rules:
      - if: idf_version >=6.0
      - if: target not in ["linux"]
      version: ^1.0.0
    source:
      registry_url: https://components.espressif.com/
      type: service
    targets:
    - esp32s2
    - esp32s3
    - esp32p4
    - esp32h4
    version: 1.1.4
  idf:
    source:
      type: idf
    version: 5.5.0
  nicolaielectronics/bmi270:
    component_hash: 4eba2761d6fc2ea032c3e5321e594680f0a47a53ae76323a129628e16af38a0c
    dependencies: []
    source:
      registry_url: https://components.espressif.com/
      type: service
    version: 1.0.1
  nicolaielectronics/es8156:
    component_hash: 2cf4431df1d0b0867cd1eefa0a1fbc77dcf5347e9aa81446c95d5e3175c9bd63
    dependencies:
    - name: espressif/cmake_utilities
      registry_url: https://components.espressif.com
      require: private
      version: 0.*
    - name: idf
      require: private
      version: '>=5.3'
    source:
      registry_url: https://components.espressif.com/
      type: service
    version: 0.0.3
  nicolaielectronics/esp-hosted-tanmatsu:
    component_hash: 346d5cda942384751873e06c0f97120c3468449dfa05ce0eda0ef52762210c79
    dependencies:
    - name: idf
      require: private
      version: '>=5.3'
    source:
      registry_url: https://components.espressif.com
      type: service
    version: 1.0.0
  nicolaielectronics/esp-wifi-remote-tanmatsu:
    component_hash: bb109ea694be70934ec43193fbaa90fb901b7a9a858249e7691858abda0f02eb
    dependencies:
    - name: idf
      require: private
      version: '>=5.3'
    - name: nicolaielectronics/esp-hosted-tanmatsu
      registry_url: https://components.espressif.com
      require: private
      rules:
      - if: target in [esp32h2, esp32p4]
      version: '>=1.0.0'
    source:
      registry_url: https://components.espressif.com
      type: service
    version: 1.0.0
  nicolaielectronics/mipi_dsi_abstraction:
    component_hash: 4d603f790ab7736bd68e4dae997e60a2d5e55549c4a485874c1f919629a28e5d
    dependencies:
    - name: espressif/cmake_utilities
      registry_url: https://components.espressif.com
      require: private
      version: 0.*
    - name: espressif/esp_lcd_ek79007
      registry_url: https://components.espressif.com
      require: private
      version: ^1.0.0
    - name: espressif/esp_lcd_ili9881c
      registry_url: https://components.espressif.com
      require: private
      version: ^1.0.0
    - name: espressif/esp_lcd_lt8912b
      registry_url: https://components.espressif.com
      require: private
      version: ^0.1.1
    - name: espressif/esp_lcd_st7701
      registry_url: https://components.espressif.com
      require: private
      version: ^1.1.1
    - name: idf
      require: private
      version: '>=5.4'
    source:
      registry_url: https://components.espressif.com/
      type: service
    targets:
    - esp32p4
    version: 0.3.1
  nicolaielectronics/mpr121:
    component_hash: 3f56f091f466df0c5d61284cf8da5f801dd73eec194c34dfbd77ec02ef242f2e
    dependencies:
    - name: espressif/cmake_utilities
      registry_url: https://components.espressif.com
      require: private
      version: 0.*
    - name: idf
      require: private
      version: '>=5.4'
    source:
      registry_url: https://components.espressif.com/
      type: service
    version: 0.0.1
  nicolaielectronics/ssd1619:
    component_hash: de439a13c0e052ffe5fb161635bc6b2b6e504145042a4694fec4399462468003
    dependencies:
    - name: espressif/cmake_utilities
      registry_url: https://components.espressif.com
      require: private
      version: 0.*
    - name: idf
      require: private
      version: '>=5.4'
    source:
      registry_url: https://components.espressif.com/
      type: service
    version: 0.0.1
  nicolaielectronics/tanmatsu-wifi:
    component_hash: a5b7b7c860911320991fb833b495e321ad7922bcfa6474fa120e8077c6c1609f
    dependencies:
    - name: badgeteam/badge-bsp
      registry_url: https://components.espressif.com
      require: private
      version: '>=0.3.0'
    - name: badgeteam/custom-certificates
      registry_url: https://components.espressif.com
      require: private
      version: '>=1.0.0'
    - name: idf
      require: private
      version: '>=5.4.0'
    - name: nicolaielectronics/esp-hosted-tanmatsu
      registry_url: https://components.espressif.com
      require: private
      rules:
      - if: target == esp32p4
      version: '>=1.0.0'
    - name: nicolaielectronics/esp-wifi-remote-tanmatsu
      registry_url: https://components.espressif.com
      require: private
      rules:
      - if: target == esp32p4
      version: '>=1.0.0'
    - name: nicolaielectronics/wifi-manager
      registry_url: https://components.espressif.com
      require: private
      version: '>=0.1.2'
    source:
      registry_url: https://components.espressif.com/
      type: service
    version: 1.1.2
  nicolaielectronics/tanmatsu_coprocessor:
    component_hash: 260deab16cc79b0545f020c5eab20b5012ccbd8c3bc000f23adf51b7f83bc6e3
    dependencies:
    - name: espressif/cmake_utilities
      registry_url: https://components.espressif.com
      require: private
      version: 0.*
    - name: idf
      require: private
      version: '>=5.3'
    source:
      registry_url: https://components.espressif.com/
      type: service
    targets:
    - esp32p4
    version: 0.6.0
  nicolaielectronics/wifi-manager:
    component_hash: a5a8fb59d367a5f37ee3cfa6bc2615eafa22a7bf620739cd5bb9b571c2b3c871
    dependencies: []
    source:
      registry_url: https://components.espressif.com
      type: service
    version: 0.3.0
direct_dependencies:
- badgeteam/badge-bsp
- espressif/cmake_utilities
- espressif/esp_lcd_axs15231b
- espressif/esp_lcd_ili9341
- espressif/esp_lcd_st7701
- espressif/led_strip
- espressif/usb_host_msc
- idf
- nicolaielectronics/bmi270
- nicolaielectronics/es8156
- nicolaielectronics/mipi_dsi_abstraction
- nicolaielectronics/mpr121
- nicolaielectronics/ssd1619
- nicolaielectronics/tanmatsu-wifi
- nicolaielectronics/tanmatsu_coprocessor
manifest_hash: 01825d903f3dfdefa2ef980f8fc0e840a009ee48cb6f244b8678dbb3d9688be6
target: esp32p4
version: 2.0.0
